// !$*UTF8*$!
{
	archiveVersion = 1;
	classes = {
	};
	objectVersion = 56;
	objects = {

/* Begin PBXBuildFile section */
		3A01F67F2A6CC6C2009C79FE /* DurationPickerView.swift in Sources */ = {isa = PBXBuildFile; fileRef = 3A01F67E2A6CC6C2009C79FE /* DurationPickerView.swift */; };
		3A01F6812A6CDA40009C79FE /* RestTimeView.swift in Sources */ = {isa = PBXBuildFile; fileRef = 3A01F6802A6CDA40009C79FE /* RestTimeView.swift */; };
		3A1BF3D42A58C3C00051A3DD /* MammothLiftsApp.swift in Sources */ = {isa = PBXBuildFile; fileRef = 3A1BF3D32A58C3C00051A3DD /* MammothLiftsApp.swift */; };
		3A1BF3DB2A58C3C00051A3DD /* ContentView.swift in Sources */ = {isa = PBXBuildFile; fileRef = 3A1BF3DA2A58C3C00051A3DD /* ContentView.swift */; };
		3A1BF3DD2A58C3C10051A3DD /* Assets.xcassets in Resources */ = {isa = PBXBuildFile; fileRef = 3A1BF3DC2A58C3C10051A3DD /* Assets.xcassets */; };
		3A1BF3E12A58C3C10051A3DD /* Preview Assets.xcassets in Resources */ = {isa = PBXBuildFile; fileRef = 3A1BF3E02A58C3C10051A3DD /* Preview Assets.xcassets */; };
		3A1BF3EB2A58C3C10051A3DD /* Mammoth_LiftsTests.swift in Sources */ = {isa = PBXBuildFile; fileRef = 3A1BF3EA2A58C3C10051A3DD /* Mammoth_LiftsTests.swift */; };
		3A1BF3F52A58C3C10051A3DD /* Mammoth_LiftsUITests.swift in Sources */ = {isa = PBXBuildFile; fileRef = 3A1BF3F42A58C3C10051A3DD /* Mammoth_LiftsUITests.swift */; };
		3A1BF3F72A58C3C10051A3DD /* Mammoth_LiftsUITestsLaunchTests.swift in Sources */ = {isa = PBXBuildFile; fileRef = 3A1BF3F62A58C3C10051A3DD /* Mammoth_LiftsUITestsLaunchTests.swift */; };
		3A4408432A718CB100A5CC5A /* ChooseLiftView.swift in Sources */ = {isa = PBXBuildFile; fileRef = 3A4408422A718CB100A5CC5A /* ChooseLiftView.swift */; };
		3A4408452A718CCF00A5CC5A /* ChooseLiftItemView.swift in Sources */ = {isa = PBXBuildFile; fileRef = 3A4408442A718CCF00A5CC5A /* ChooseLiftItemView.swift */; };
		3A4408472A731A4D00A5CC5A /* AddLiftFooterView.swift in Sources */ = {isa = PBXBuildFile; fileRef = 3A4408462A731A4D00A5CC5A /* AddLiftFooterView.swift */; };
		3A4E59C42A662771005C89B8 /* ChooseWeightView.swift in Sources */ = {isa = PBXBuildFile; fileRef = 3A4E59C32A662771005C89B8 /* ChooseWeightView.swift */; };
		3A4E59C62A6730C4005C89B8 /* AddLiftTitle.swift in Sources */ = {isa = PBXBuildFile; fileRef = 3A4E59C52A6730C4005C89B8 /* AddLiftTitle.swift */; };
		3A4E59C92A674617005C89B8 /* ChooseWeightMarkersView.swift in Sources */ = {isa = PBXBuildFile; fileRef = 3A4E59C82A674617005C89B8 /* ChooseWeightMarkersView.swift */; };
		3A4E59CD2A6747AD005C89B8 /* ChooseWeightTextView.swift in Sources */ = {isa = PBXBuildFile; fileRef = 3A4E59CC2A6747AD005C89B8 /* ChooseWeightTextView.swift */; };
		3A4E59CF2A674942005C89B8 /* ChooseWeightScrollView.swift in Sources */ = {isa = PBXBuildFile; fileRef = 3A4E59CE2A674942005C89B8 /* ChooseWeightScrollView.swift */; };
		3AA900B82A5C447C005FBDED /* Launch Screen.storyboard in Resources */ = {isa = PBXBuildFile; fileRef = 3AA900B72A5C447C005FBDED /* Launch Screen.storyboard */; };
		3AB032222A6084680098C076 /* Workout.swift in Sources */ = {isa = PBXBuildFile; fileRef = 3AB0321F2A6084680098C076 /* Workout.swift */; };
		3AB032232A6084680098C076 /* Lift.swift in Sources */ = {isa = PBXBuildFile; fileRef = 3AB032202A6084680098C076 /* Lift.swift */; };
		3AB032242A6084680098C076 /* Set.swift in Sources */ = {isa = PBXBuildFile; fileRef = 3AB032212A6084680098C076 /* Set.swift */; };
		3AB032282A608FE30098C076 /* LiftsHeaderView.swift in Sources */ = {isa = PBXBuildFile; fileRef = 3AB032272A608FE30098C076 /* LiftsHeaderView.swift */; };
		3AB0322A2A6095920098C076 /* Constants.swift in Sources */ = {isa = PBXBuildFile; fileRef = 3AB032292A6095920098C076 /* Constants.swift */; };
		3ABEA5BC2A5F0790000D695F /* CaustenRound-ExtraBold.otf in Resources */ = {isa = PBXBuildFile; fileRef = 3AA900BB2A5C44C5005FBDED /* CaustenRound-ExtraBold.otf */; };
		3ABEA5BE2A5F085F000D695F /* Common.swift in Sources */ = {isa = PBXBuildFile; fileRef = 3ABEA5BD2A5F085F000D695F /* Common.swift */; };
		3ABEC95C2A755BC700CB84BF /* SetsRepsView.swift in Sources */ = {isa = PBXBuildFile; fileRef = 3ABEC95B2A755BC700CB84BF /* SetsRepsView.swift */; };
		3ABEC95E2A7567F300CB84BF /* NumberStepper.swift in Sources */ = {isa = PBXBuildFile; fileRef = 3ABEC95D2A7567F300CB84BF /* NumberStepper.swift */; };
		3AC2B7492A776FEB00C740CB /* ListView.swift in Sources */ = {isa = PBXBuildFile; fileRef = 3AC2B7482A776FEB00C740CB /* ListView.swift */; };
		3AC2FFEA2A5DCAC00079FA62 /* Navigation.swift in Sources */ = {isa = PBXBuildFile; fileRef = 3AC2FFE92A5DCAC00079FA62 /* Navigation.swift */; };
		3AC2FFEE2A5DD9B20079FA62 /* LiftsView.swift in Sources */ = {isa = PBXBuildFile; fileRef = 3AC2FFED2A5DD9B20079FA62 /* LiftsView.swift */; };
		3AC2FFF12A5DDA390079FA62 /* LogView.swift in Sources */ = {isa = PBXBuildFile; fileRef = 3AC2FFF02A5DDA390079FA62 /* LogView.swift */; };
		3AC2FFF32A5DDA690079FA62 /* TabBarView.swift in Sources */ = {isa = PBXBuildFile; fileRef = 3AC2FFF22A5DDA690079FA62 /* TabBarView.swift */; };
		3AC2FFF62A5DDE2B0079FA62 /* TabBarItemView.swift in Sources */ = {isa = PBXBuildFile; fileRef = 3AC2FFF52A5DDE2B0079FA62 /* TabBarItemView.swift */; };
		3AC2FFF82A5DDE440079FA62 /* SelectedTabBarIndicatorView.swift in Sources */ = {isa = PBXBuildFile; fileRef = 3AC2FFF72A5DDE440079FA62 /* SelectedTabBarIndicatorView.swift */; };
		3ACF06582A6431E700AA4E4A /* ProgressBarView.swift in Sources */ = {isa = PBXBuildFile; fileRef = 3ACF06572A6431E700AA4E4A /* ProgressBarView.swift */; };
		3ACF065A2A6439AE00AA4E4A /* Button.swift in Sources */ = {isa = PBXBuildFile; fileRef = 3ACF06592A6439AE00AA4E4A /* Button.swift */; };
		3ACF065C2A6445EB00AA4E4A /* AddLiftHeaderView.swift in Sources */ = {isa = PBXBuildFile; fileRef = 3ACF065B2A6445EB00AA4E4A /* AddLiftHeaderView.swift */; };
		3AD1E6E62A5F044000C0E4B0 /* LiftItemView.swift in Sources */ = {isa = PBXBuildFile; fileRef = 3AD1E6E52A5F044000C0E4B0 /* LiftItemView.swift */; };
		3AD1E6E82A5F055300C0E4B0 /* Fonts.swift in Sources */ = {isa = PBXBuildFile; fileRef = 3AD1E6E72A5F053600C0E4B0 /* Fonts.swift */; };
		3AF321C22A62F59E008E4E14 /* SheetView.swift in Sources */ = {isa = PBXBuildFile; fileRef = 3AF321C12A62F59E008E4E14 /* SheetView.swift */; };
		3AF321C52A62FB0D008E4E14 /* AddLiftView.swift in Sources */ = {isa = PBXBuildFile; fileRef = 3AF321C42A62FB0D008E4E14 /* AddLiftView.swift */; };
		3AF321C72A630673008E4E14 /* ScreenCornerRadius.swift in Sources */ = {isa = PBXBuildFile; fileRef = 3AF321C62A630673008E4E14 /* ScreenCornerRadius.swift */; };
/* End PBXBuildFile section */

/* Begin PBXContainerItemProxy section */
		3A1BF3E72A58C3C10051A3DD /* PBXContainerItemProxy */ = {
			isa = PBXContainerItemProxy;
			containerPortal = 3A1BF3C82A58C3C00051A3DD /* Project object */;
			proxyType = 1;
			remoteGlobalIDString = 3A1BF3CF2A58C3C00051A3DD;
			remoteInfo = "Mammoth Lifts";
		};
		3A1BF3F12A58C3C10051A3DD /* PBXContainerItemProxy */ = {
			isa = PBXContainerItemProxy;
			containerPortal = 3A1BF3C82A58C3C00051A3DD /* Project object */;
			proxyType = 1;
			remoteGlobalIDString = 3A1BF3CF2A58C3C00051A3DD;
			remoteInfo = "Mammoth Lifts";
		};
/* End PBXContainerItemProxy section */

/* Begin PBXFileReference section */
		3A01F67E2A6CC6C2009C79FE /* DurationPickerView.swift */ = {isa = PBXFileReference; lastKnownFileType = sourcecode.swift; path = DurationPickerView.swift; sourceTree = "<group>"; };
		3A01F6802A6CDA40009C79FE /* RestTimeView.swift */ = {isa = PBXFileReference; lastKnownFileType = sourcecode.swift; path = RestTimeView.swift; sourceTree = "<group>"; };
		3A1BF3D02A58C3C00051A3DD /* Mammoth Lifts.app */ = {isa = PBXFileReference; explicitFileType = wrapper.application; includeInIndex = 0; path = "Mammoth Lifts.app"; sourceTree = BUILT_PRODUCTS_DIR; };
		3A1BF3D32A58C3C00051A3DD /* MammothLiftsApp.swift */ = {isa = PBXFileReference; lastKnownFileType = sourcecode.swift; path = MammothLiftsApp.swift; sourceTree = "<group>"; };
		3A1BF3DA2A58C3C00051A3DD /* ContentView.swift */ = {isa = PBXFileReference; lastKnownFileType = sourcecode.swift; path = ContentView.swift; sourceTree = "<group>"; };
		3A1BF3DC2A58C3C10051A3DD /* Assets.xcassets */ = {isa = PBXFileReference; lastKnownFileType = folder.assetcatalog; path = Assets.xcassets; sourceTree = "<group>"; };
		3A1BF3DE2A58C3C10051A3DD /* Mammoth_Lifts.entitlements */ = {isa = PBXFileReference; lastKnownFileType = text.plist.entitlements; path = Mammoth_Lifts.entitlements; sourceTree = "<group>"; };
		3A1BF3E02A58C3C10051A3DD /* Preview Assets.xcassets */ = {isa = PBXFileReference; lastKnownFileType = folder.assetcatalog; path = "Preview Assets.xcassets"; sourceTree = "<group>"; };
		3A1BF3E62A58C3C10051A3DD /* Mammoth LiftsTests.xctest */ = {isa = PBXFileReference; explicitFileType = wrapper.cfbundle; includeInIndex = 0; path = "Mammoth LiftsTests.xctest"; sourceTree = BUILT_PRODUCTS_DIR; };
		3A1BF3EA2A58C3C10051A3DD /* Mammoth_LiftsTests.swift */ = {isa = PBXFileReference; lastKnownFileType = sourcecode.swift; path = Mammoth_LiftsTests.swift; sourceTree = "<group>"; };
		3A1BF3F02A58C3C10051A3DD /* Mammoth LiftsUITests.xctest */ = {isa = PBXFileReference; explicitFileType = wrapper.cfbundle; includeInIndex = 0; path = "Mammoth LiftsUITests.xctest"; sourceTree = BUILT_PRODUCTS_DIR; };
		3A1BF3F42A58C3C10051A3DD /* Mammoth_LiftsUITests.swift */ = {isa = PBXFileReference; lastKnownFileType = sourcecode.swift; path = Mammoth_LiftsUITests.swift; sourceTree = "<group>"; };
		3A1BF3F62A58C3C10051A3DD /* Mammoth_LiftsUITestsLaunchTests.swift */ = {isa = PBXFileReference; lastKnownFileType = sourcecode.swift; path = Mammoth_LiftsUITestsLaunchTests.swift; sourceTree = "<group>"; };
		3A4408422A718CB100A5CC5A /* ChooseLiftView.swift */ = {isa = PBXFileReference; lastKnownFileType = sourcecode.swift; path = ChooseLiftView.swift; sourceTree = "<group>"; };
		3A4408442A718CCF00A5CC5A /* ChooseLiftItemView.swift */ = {isa = PBXFileReference; lastKnownFileType = sourcecode.swift; path = ChooseLiftItemView.swift; sourceTree = "<group>"; };
		3A4408462A731A4D00A5CC5A /* AddLiftFooterView.swift */ = {isa = PBXFileReference; lastKnownFileType = sourcecode.swift; path = AddLiftFooterView.swift; sourceTree = "<group>"; };
		3A4E59C32A662771005C89B8 /* ChooseWeightView.swift */ = {isa = PBXFileReference; lastKnownFileType = sourcecode.swift; path = ChooseWeightView.swift; sourceTree = "<group>"; };
		3A4E59C52A6730C4005C89B8 /* AddLiftTitle.swift */ = {isa = PBXFileReference; lastKnownFileType = sourcecode.swift; path = AddLiftTitle.swift; sourceTree = "<group>"; };
		3A4E59C82A674617005C89B8 /* ChooseWeightMarkersView.swift */ = {isa = PBXFileReference; lastKnownFileType = sourcecode.swift; path = ChooseWeightMarkersView.swift; sourceTree = "<group>"; };
		3A4E59CC2A6747AD005C89B8 /* ChooseWeightTextView.swift */ = {isa = PBXFileReference; lastKnownFileType = sourcecode.swift; path = ChooseWeightTextView.swift; sourceTree = "<group>"; };
		3A4E59CE2A674942005C89B8 /* ChooseWeightScrollView.swift */ = {isa = PBXFileReference; lastKnownFileType = sourcecode.swift; path = ChooseWeightScrollView.swift; sourceTree = "<group>"; };
		3AA900B72A5C447C005FBDED /* Launch Screen.storyboard */ = {isa = PBXFileReference; fileEncoding = 4; lastKnownFileType = file.storyboard; path = "Launch Screen.storyboard"; sourceTree = "<group>"; };
		3AA900BB2A5C44C5005FBDED /* CaustenRound-ExtraBold.otf */ = {isa = PBXFileReference; lastKnownFileType = file; name = "CaustenRound-ExtraBold.otf"; path = "Mammoth Lifts/Fonts/CaustenRound-ExtraBold.otf"; sourceTree = SOURCE_ROOT; };
		3AB0321F2A6084680098C076 /* Workout.swift */ = {isa = PBXFileReference; lastKnownFileType = sourcecode.swift; name = Workout.swift; path = ../../Workout.swift; sourceTree = "<group>"; };
		3AB032202A6084680098C076 /* Lift.swift */ = {isa = PBXFileReference; lastKnownFileType = sourcecode.swift; name = Lift.swift; path = ../../Lift.swift; sourceTree = "<group>"; };
		3AB032212A6084680098C076 /* Set.swift */ = {isa = PBXFileReference; lastKnownFileType = sourcecode.swift; name = Set.swift; path = ../../Set.swift; sourceTree = "<group>"; };
		3AB032272A608FE30098C076 /* LiftsHeaderView.swift */ = {isa = PBXFileReference; lastKnownFileType = sourcecode.swift; path = LiftsHeaderView.swift; sourceTree = "<group>"; };
		3AB032292A6095920098C076 /* Constants.swift */ = {isa = PBXFileReference; lastKnownFileType = sourcecode.swift; path = Constants.swift; sourceTree = "<group>"; };
		3ABEA5BD2A5F085F000D695F /* Common.swift */ = {isa = PBXFileReference; lastKnownFileType = sourcecode.swift; path = Common.swift; sourceTree = "<group>"; };
		3ABEC95B2A755BC700CB84BF /* SetsRepsView.swift */ = {isa = PBXFileReference; lastKnownFileType = sourcecode.swift; path = SetsRepsView.swift; sourceTree = "<group>"; };
		3ABEC95D2A7567F300CB84BF /* NumberStepper.swift */ = {isa = PBXFileReference; lastKnownFileType = sourcecode.swift; path = NumberStepper.swift; sourceTree = "<group>"; };
		3AC2B7482A776FEB00C740CB /* ListView.swift */ = {isa = PBXFileReference; lastKnownFileType = sourcecode.swift; path = ListView.swift; sourceTree = "<group>"; };
		3AC2FFE92A5DCAC00079FA62 /* Navigation.swift */ = {isa = PBXFileReference; lastKnownFileType = sourcecode.swift; path = Navigation.swift; sourceTree = "<group>"; };
		3AC2FFED2A5DD9B20079FA62 /* LiftsView.swift */ = {isa = PBXFileReference; lastKnownFileType = sourcecode.swift; path = LiftsView.swift; sourceTree = "<group>"; };
		3AC2FFF02A5DDA390079FA62 /* LogView.swift */ = {isa = PBXFileReference; lastKnownFileType = sourcecode.swift; path = LogView.swift; sourceTree = "<group>"; };
		3AC2FFF22A5DDA690079FA62 /* TabBarView.swift */ = {isa = PBXFileReference; lastKnownFileType = sourcecode.swift; path = TabBarView.swift; sourceTree = "<group>"; };
		3AC2FFF52A5DDE2B0079FA62 /* TabBarItemView.swift */ = {isa = PBXFileReference; lastKnownFileType = sourcecode.swift; path = TabBarItemView.swift; sourceTree = "<group>"; };
		3AC2FFF72A5DDE440079FA62 /* SelectedTabBarIndicatorView.swift */ = {isa = PBXFileReference; lastKnownFileType = sourcecode.swift; path = SelectedTabBarIndicatorView.swift; sourceTree = "<group>"; };
		3ACF06572A6431E700AA4E4A /* ProgressBarView.swift */ = {isa = PBXFileReference; lastKnownFileType = sourcecode.swift; path = ProgressBarView.swift; sourceTree = "<group>"; };
		3ACF06592A6439AE00AA4E4A /* Button.swift */ = {isa = PBXFileReference; lastKnownFileType = sourcecode.swift; path = Button.swift; sourceTree = "<group>"; };
		3ACF065B2A6445EB00AA4E4A /* AddLiftHeaderView.swift */ = {isa = PBXFileReference; lastKnownFileType = sourcecode.swift; path = AddLiftHeaderView.swift; sourceTree = "<group>"; };
		3AD1E6E52A5F044000C0E4B0 /* LiftItemView.swift */ = {isa = PBXFileReference; lastKnownFileType = sourcecode.swift; path = LiftItemView.swift; sourceTree = "<group>"; };
		3AD1E6E72A5F053600C0E4B0 /* Fonts.swift */ = {isa = PBXFileReference; lastKnownFileType = sourcecode.swift; path = Fonts.swift; sourceTree = "<group>"; };
		3AD1E6E92A5F062200C0E4B0 /* Mammoth-Lifts-Info.plist */ = {isa = PBXFileReference; lastKnownFileType = text.plist; path = "Mammoth-Lifts-Info.plist"; sourceTree = SOURCE_ROOT; };
		3AF321C12A62F59E008E4E14 /* SheetView.swift */ = {isa = PBXFileReference; lastKnownFileType = sourcecode.swift; path = SheetView.swift; sourceTree = "<group>"; };
		3AF321C42A62FB0D008E4E14 /* AddLiftView.swift */ = {isa = PBXFileReference; lastKnownFileType = sourcecode.swift; path = AddLiftView.swift; sourceTree = "<group>"; };
		3AF321C62A630673008E4E14 /* ScreenCornerRadius.swift */ = {isa = PBXFileReference; lastKnownFileType = sourcecode.swift; path = ScreenCornerRadius.swift; sourceTree = "<group>"; };
/* End PBXFileReference section */

/* Begin PBXFrameworksBuildPhase section */
		3A1BF3CD2A58C3C00051A3DD /* Frameworks */ = {
			isa = PBXFrameworksBuildPhase;
			buildActionMask = 2147483647;
			files = (
			);
			runOnlyForDeploymentPostprocessing = 0;
		};
		3A1BF3E32A58C3C10051A3DD /* Frameworks */ = {
			isa = PBXFrameworksBuildPhase;
			buildActionMask = 2147483647;
			files = (
			);
			runOnlyForDeploymentPostprocessing = 0;
		};
		3A1BF3ED2A58C3C10051A3DD /* Frameworks */ = {
			isa = PBXFrameworksBuildPhase;
			buildActionMask = 2147483647;
			files = (
			);
			runOnlyForDeploymentPostprocessing = 0;
		};
/* End PBXFrameworksBuildPhase section */

/* Begin PBXGroup section */
		3A1BF3C72A58C3C00051A3DD = {
			isa = PBXGroup;
			children = (
				3A1BF3D22A58C3C00051A3DD /* Mammoth Lifts */,
				3A1BF3E92A58C3C10051A3DD /* Mammoth LiftsTests */,
				3A1BF3F32A58C3C10051A3DD /* Mammoth LiftsUITests */,
				3A1BF3D12A58C3C00051A3DD /* Products */,
			);
			sourceTree = "<group>";
		};
		3A1BF3D12A58C3C00051A3DD /* Products */ = {
			isa = PBXGroup;
			children = (
				3A1BF3D02A58C3C00051A3DD /* Mammoth Lifts.app */,
				3A1BF3E62A58C3C10051A3DD /* Mammoth LiftsTests.xctest */,
				3A1BF3F02A58C3C10051A3DD /* Mammoth LiftsUITests.xctest */,
			);
			name = Products;
			sourceTree = "<group>";
		};
		3A1BF3D22A58C3C00051A3DD /* Mammoth Lifts */ = {
			isa = PBXGroup;
			children = (
				3AD1E6E92A5F062200C0E4B0 /* Mammoth-Lifts-Info.plist */,
				3AC2FFEB2A5DD98E0079FA62 /* Views */,
				3AA900BC2A5C44C9005FBDED /* Fonts */,
				3AA900B72A5C447C005FBDED /* Launch Screen.storyboard */,
				3A1BF40F2A59B2300051A3DD /* Models */,
				3A1BF3D32A58C3C00051A3DD /* MammothLiftsApp.swift */,
				3A1BF3DA2A58C3C00051A3DD /* ContentView.swift */,
				3A1BF3DC2A58C3C10051A3DD /* Assets.xcassets */,
				3A1BF3DE2A58C3C10051A3DD /* Mammoth_Lifts.entitlements */,
				3A1BF3DF2A58C3C10051A3DD /* Preview Content */,
				3AC2FFE92A5DCAC00079FA62 /* Navigation.swift */,
				3ABEA5BD2A5F085F000D695F /* Common.swift */,
				3AB032292A6095920098C076 /* Constants.swift */,
			);
			path = "Mammoth Lifts";
			sourceTree = "<group>";
		};
		3A1BF3DF2A58C3C10051A3DD /* Preview Content */ = {
			isa = PBXGroup;
			children = (
				3A1BF3E02A58C3C10051A3DD /* Preview Assets.xcassets */,
			);
			path = "Preview Content";
			sourceTree = "<group>";
		};
		3A1BF3E92A58C3C10051A3DD /* Mammoth LiftsTests */ = {
			isa = PBXGroup;
			children = (
				3A1BF3EA2A58C3C10051A3DD /* Mammoth_LiftsTests.swift */,
			);
			path = "Mammoth LiftsTests";
			sourceTree = "<group>";
		};
		3A1BF3F32A58C3C10051A3DD /* Mammoth LiftsUITests */ = {
			isa = PBXGroup;
			children = (
				3A1BF3F42A58C3C10051A3DD /* Mammoth_LiftsUITests.swift */,
				3A1BF3F62A58C3C10051A3DD /* Mammoth_LiftsUITestsLaunchTests.swift */,
			);
			path = "Mammoth LiftsUITests";
			sourceTree = "<group>";
		};
		3A1BF40F2A59B2300051A3DD /* Models */ = {
			isa = PBXGroup;
			children = (
				3AB0321F2A6084680098C076 /* Workout.swift */,
				3AB032202A6084680098C076 /* Lift.swift */,
				3AB032212A6084680098C076 /* Set.swift */,
			);
			path = Models;
			sourceTree = "<group>";
		};
		3A4408412A718C1B00A5CC5A /* Lift */ = {
			isa = PBXGroup;
			children = (
				3A4408422A718CB100A5CC5A /* ChooseLiftView.swift */,
				3A4408442A718CCF00A5CC5A /* ChooseLiftItemView.swift */,
			);
			path = Lift;
			sourceTree = "<group>";
		};
		3A4E59C72A6745C5005C89B8 /* Weight */ = {
			isa = PBXGroup;
			children = (
				3A4E59C32A662771005C89B8 /* ChooseWeightView.swift */,
				3A4E59C82A674617005C89B8 /* ChooseWeightMarkersView.swift */,
				3A4E59CC2A6747AD005C89B8 /* ChooseWeightTextView.swift */,
				3A4E59CE2A674942005C89B8 /* ChooseWeightScrollView.swift */,
			);
			path = Weight;
			sourceTree = "<group>";
		};
		3AA900BC2A5C44C9005FBDED /* Fonts */ = {
			isa = PBXGroup;
			children = (
				3AD1E6E72A5F053600C0E4B0 /* Fonts.swift */,
				3AA900BB2A5C44C5005FBDED /* CaustenRound-ExtraBold.otf */,
			);
			path = Fonts;
			sourceTree = "<group>";
		};
		3ABEC95A2A755BB700CB84BF /* Sets reps */ = {
			isa = PBXGroup;
			children = (
				3ABEC95B2A755BC700CB84BF /* SetsRepsView.swift */,
			);
			path = "Sets reps";
			sourceTree = "<group>";
		};
		3AC2FFEB2A5DD98E0079FA62 /* Views */ = {
			isa = PBXGroup;
			children = (
				3AF321C02A62F590008E4E14 /* Misc */,
				3AC2FFF42A5DDAF00079FA62 /* Tab bar */,
				3AC2FFEF2A5DDA310079FA62 /* Log */,
				3AC2FFEC2A5DD9930079FA62 /* Lifts */,
			);
			path = Views;
			sourceTree = "<group>";
		};
		3AC2FFEC2A5DD9930079FA62 /* Lifts */ = {
			isa = PBXGroup;
			children = (
				3AF321C32A62FAFD008E4E14 /* Add lift */,
				3AC2FFED2A5DD9B20079FA62 /* LiftsView.swift */,
				3AD1E6E52A5F044000C0E4B0 /* LiftItemView.swift */,
				3AB032272A608FE30098C076 /* LiftsHeaderView.swift */,
			);
			path = Lifts;
			sourceTree = "<group>";
		};
		3AC2FFEF2A5DDA310079FA62 /* Log */ = {
			isa = PBXGroup;
			children = (
				3AC2FFF02A5DDA390079FA62 /* LogView.swift */,
			);
			path = Log;
			sourceTree = "<group>";
		};
		3AC2FFF42A5DDAF00079FA62 /* Tab bar */ = {
			isa = PBXGroup;
			children = (
				3AC2FFF22A5DDA690079FA62 /* TabBarView.swift */,
				3AC2FFF52A5DDE2B0079FA62 /* TabBarItemView.swift */,
				3AC2FFF72A5DDE440079FA62 /* SelectedTabBarIndicatorView.swift */,
			);
			path = "Tab bar";
			sourceTree = "<group>";
		};
		3AF321C02A62F590008E4E14 /* Misc */ = {
			isa = PBXGroup;
			children = (
				3AF321C12A62F59E008E4E14 /* SheetView.swift */,
				3AF321C62A630673008E4E14 /* ScreenCornerRadius.swift */,
				3ACF06572A6431E700AA4E4A /* ProgressBarView.swift */,
				3ACF06592A6439AE00AA4E4A /* Button.swift */,
				3A01F67E2A6CC6C2009C79FE /* DurationPickerView.swift */,
				3ABEC95D2A7567F300CB84BF /* NumberStepper.swift */,
				3AC2B7482A776FEB00C740CB /* ListView.swift */,
			);
			path = Misc;
			sourceTree = "<group>";
		};
		3AF321C32A62FAFD008E4E14 /* Add lift */ = {
			isa = PBXGroup;
			children = (
				3ABEC95A2A755BB700CB84BF /* Sets reps */,
				3A4408412A718C1B00A5CC5A /* Lift */,
				3A4E59C72A6745C5005C89B8 /* Weight */,
				3AF321C42A62FB0D008E4E14 /* AddLiftView.swift */,
				3ACF065B2A6445EB00AA4E4A /* AddLiftHeaderView.swift */,
				3A4E59C52A6730C4005C89B8 /* AddLiftTitle.swift */,
				3A01F6802A6CDA40009C79FE /* RestTimeView.swift */,
				3A4408462A731A4D00A5CC5A /* AddLiftFooterView.swift */,
			);
			path = "Add lift";
			sourceTree = "<group>";
		};
/* End PBXGroup section */

/* Begin PBXNativeTarget section */
		3A1BF3CF2A58C3C00051A3DD /* Mammoth Lifts */ = {
			isa = PBXNativeTarget;
			buildConfigurationList = 3A1BF3FA2A58C3C10051A3DD /* Build configuration list for PBXNativeTarget "Mammoth Lifts" */;
			buildPhases = (
				3A1BF3CC2A58C3C00051A3DD /* Sources */,
				3A1BF3CD2A58C3C00051A3DD /* Frameworks */,
				3A1BF3CE2A58C3C00051A3DD /* Resources */,
			);
			buildRules = (
			);
			dependencies = (
			);
			name = "Mammoth Lifts";
			productName = "Mammoth Lifts";
			productReference = 3A1BF3D02A58C3C00051A3DD /* Mammoth Lifts.app */;
			productType = "com.apple.product-type.application";
		};
		3A1BF3E52A58C3C10051A3DD /* Mammoth LiftsTests */ = {
			isa = PBXNativeTarget;
			buildConfigurationList = 3A1BF3FD2A58C3C10051A3DD /* Build configuration list for PBXNativeTarget "Mammoth LiftsTests" */;
			buildPhases = (
				3A1BF3E22A58C3C10051A3DD /* Sources */,
				3A1BF3E32A58C3C10051A3DD /* Frameworks */,
				3A1BF3E42A58C3C10051A3DD /* Resources */,
			);
			buildRules = (
			);
			dependencies = (
				3A1BF3E82A58C3C10051A3DD /* PBXTargetDependency */,
			);
			name = "Mammoth LiftsTests";
			productName = "Mammoth LiftsTests";
			productReference = 3A1BF3E62A58C3C10051A3DD /* Mammoth LiftsTests.xctest */;
			productType = "com.apple.product-type.bundle.unit-test";
		};
		3A1BF3EF2A58C3C10051A3DD /* Mammoth LiftsUITests */ = {
			isa = PBXNativeTarget;
			buildConfigurationList = 3A1BF4002A58C3C10051A3DD /* Build configuration list for PBXNativeTarget "Mammoth LiftsUITests" */;
			buildPhases = (
				3A1BF3EC2A58C3C10051A3DD /* Sources */,
				3A1BF3ED2A58C3C10051A3DD /* Frameworks */,
				3A1BF3EE2A58C3C10051A3DD /* Resources */,
			);
			buildRules = (
			);
			dependencies = (
				3A1BF3F22A58C3C10051A3DD /* PBXTargetDependency */,
			);
			name = "Mammoth LiftsUITests";
			productName = "Mammoth LiftsUITests";
			productReference = 3A1BF3F02A58C3C10051A3DD /* Mammoth LiftsUITests.xctest */;
			productType = "com.apple.product-type.bundle.ui-testing";
		};
/* End PBXNativeTarget section */

/* Begin PBXProject section */
		3A1BF3C82A58C3C00051A3DD /* Project object */ = {
			isa = PBXProject;
			attributes = {
				BuildIndependentTargetsInParallel = 1;
				LastSwiftUpdateCheck = 1430;
				LastUpgradeCheck = 1430;
				TargetAttributes = {
					3A1BF3CF2A58C3C00051A3DD = {
						CreatedOnToolsVersion = 14.3.1;
					};
					3A1BF3E52A58C3C10051A3DD = {
						CreatedOnToolsVersion = 14.3.1;
						TestTargetID = 3A1BF3CF2A58C3C00051A3DD;
					};
					3A1BF3EF2A58C3C10051A3DD = {
						CreatedOnToolsVersion = 14.3.1;
						TestTargetID = 3A1BF3CF2A58C3C00051A3DD;
					};
				};
			};
			buildConfigurationList = 3A1BF3CB2A58C3C00051A3DD /* Build configuration list for PBXProject "Mammoth Lifts" */;
			compatibilityVersion = "Xcode 14.0";
			developmentRegion = en;
			hasScannedForEncodings = 0;
			knownRegions = (
				en,
				Base,
			);
			mainGroup = 3A1BF3C72A58C3C00051A3DD;
			productRefGroup = 3A1BF3D12A58C3C00051A3DD /* Products */;
			projectDirPath = "";
			projectRoot = "";
			targets = (
				3A1BF3CF2A58C3C00051A3DD /* Mammoth Lifts */,
				3A1BF3E52A58C3C10051A3DD /* Mammoth LiftsTests */,
				3A1BF3EF2A58C3C10051A3DD /* Mammoth LiftsUITests */,
			);
		};
/* End PBXProject section */

/* Begin PBXResourcesBuildPhase section */
		3A1BF3CE2A58C3C00051A3DD /* Resources */ = {
			isa = PBXResourcesBuildPhase;
			buildActionMask = 2147483647;
			files = (
				3AA900B82A5C447C005FBDED /* Launch Screen.storyboard in Resources */,
				3A1BF3E12A58C3C10051A3DD /* Preview Assets.xcassets in Resources */,
				3ABEA5BC2A5F0790000D695F /* CaustenRound-ExtraBold.otf in Resources */,
				3A1BF3DD2A58C3C10051A3DD /* Assets.xcassets in Resources */,
			);
			runOnlyForDeploymentPostprocessing = 0;
		};
		3A1BF3E42A58C3C10051A3DD /* Resources */ = {
			isa = PBXResourcesBuildPhase;
			buildActionMask = 2147483647;
			files = (
			);
			runOnlyForDeploymentPostprocessing = 0;
		};
		3A1BF3EE2A58C3C10051A3DD /* Resources */ = {
			isa = PBXResourcesBuildPhase;
			buildActionMask = 2147483647;
			files = (
			);
			runOnlyForDeploymentPostprocessing = 0;
		};
/* End PBXResourcesBuildPhase section */

/* Begin PBXSourcesBuildPhase section */
		3A1BF3CC2A58C3C00051A3DD /* Sources */ = {
			isa = PBXSourcesBuildPhase;
			buildActionMask = 2147483647;
			files = (
				3AF321C72A630673008E4E14 /* ScreenCornerRadius.swift in Sources */,
				3A01F6812A6CDA40009C79FE /* RestTimeView.swift in Sources */,
				3A4408452A718CCF00A5CC5A /* ChooseLiftItemView.swift in Sources */,
				3ABEA5BE2A5F085F000D695F /* Common.swift in Sources */,
				3A4408472A731A4D00A5CC5A /* AddLiftFooterView.swift in Sources */,
				3A4E59CD2A6747AD005C89B8 /* ChooseWeightTextView.swift in Sources */,
				3A4408432A718CB100A5CC5A /* ChooseLiftView.swift in Sources */,
				3A4E59C42A662771005C89B8 /* ChooseWeightView.swift in Sources */,
				3AD1E6E82A5F055300C0E4B0 /* Fonts.swift in Sources */,
				3AB032282A608FE30098C076 /* LiftsHeaderView.swift in Sources */,
				3AC2FFF82A5DDE440079FA62 /* SelectedTabBarIndicatorView.swift in Sources */,
				3ABEC95C2A755BC700CB84BF /* SetsRepsView.swift in Sources */,
				3AC2FFF32A5DDA690079FA62 /* TabBarView.swift in Sources */,
				3AF321C52A62FB0D008E4E14 /* AddLiftView.swift in Sources */,
				3ACF065A2A6439AE00AA4E4A /* Button.swift in Sources */,
				3A1BF3D42A58C3C00051A3DD /* MammothLiftsApp.swift in Sources */,
				3AC2FFF12A5DDA390079FA62 /* LogView.swift in Sources */,
				3AC2B7492A776FEB00C740CB /* ListView.swift in Sources */,
				3ACF06582A6431E700AA4E4A /* ProgressBarView.swift in Sources */,
				3AB0322A2A6095920098C076 /* Constants.swift in Sources */,
				3A01F67F2A6CC6C2009C79FE /* DurationPickerView.swift in Sources */,
				3AC2FFF62A5DDE2B0079FA62 /* TabBarItemView.swift in Sources */,
				3A4E59CF2A674942005C89B8 /* ChooseWeightScrollView.swift in Sources */,
				3A4E59C62A6730C4005C89B8 /* AddLiftTitle.swift in Sources */,
				3AC2FFEA2A5DCAC00079FA62 /* Navigation.swift in Sources */,
				3AD1E6E62A5F044000C0E4B0 /* LiftItemView.swift in Sources */,
				3A1BF3DB2A58C3C00051A3DD /* ContentView.swift in Sources */,
				3ABEC95E2A7567F300CB84BF /* NumberStepper.swift in Sources */,
				3ACF065C2A6445EB00AA4E4A /* AddLiftHeaderView.swift in Sources */,
				3AB032242A6084680098C076 /* Set.swift in Sources */,
				3AB032222A6084680098C076 /* Workout.swift in Sources */,
				3AC2FFEE2A5DD9B20079FA62 /* LiftsView.swift in Sources */,
				3AB032232A6084680098C076 /* Lift.swift in Sources */,
				3A4E59C92A674617005C89B8 /* ChooseWeightMarkersView.swift in Sources */,
				3AF321C22A62F59E008E4E14 /* SheetView.swift in Sources */,
			);
			runOnlyForDeploymentPostprocessing = 0;
		};
		3A1BF3E22A58C3C10051A3DD /* Sources */ = {
			isa = PBXSourcesBuildPhase;
			buildActionMask = 2147483647;
			files = (
				3A1BF3EB2A58C3C10051A3DD /* Mammoth_LiftsTests.swift in Sources */,
			);
			runOnlyForDeploymentPostprocessing = 0;
		};
		3A1BF3EC2A58C3C10051A3DD /* Sources */ = {
			isa = PBXSourcesBuildPhase;
			buildActionMask = 2147483647;
			files = (
				3A1BF3F52A58C3C10051A3DD /* Mammoth_LiftsUITests.swift in Sources */,
				3A1BF3F72A58C3C10051A3DD /* Mammoth_LiftsUITestsLaunchTests.swift in Sources */,
			);
			runOnlyForDeploymentPostprocessing = 0;
		};
/* End PBXSourcesBuildPhase section */

/* Begin PBXTargetDependency section */
		3A1BF3E82A58C3C10051A3DD /* PBXTargetDependency */ = {
			isa = PBXTargetDependency;
			target = 3A1BF3CF2A58C3C00051A3DD /* Mammoth Lifts */;
			targetProxy = 3A1BF3E72A58C3C10051A3DD /* PBXContainerItemProxy */;
		};
		3A1BF3F22A58C3C10051A3DD /* PBXTargetDependency */ = {
			isa = PBXTargetDependency;
			target = 3A1BF3CF2A58C3C00051A3DD /* Mammoth Lifts */;
			targetProxy = 3A1BF3F12A58C3C10051A3DD /* PBXContainerItemProxy */;
		};
/* End PBXTargetDependency section */

/* Begin XCBuildConfiguration section */
		3A1BF3F82A58C3C10051A3DD /* Debug */ = {
			isa = XCBuildConfiguration;
			buildSettings = {
				ALWAYS_SEARCH_USER_PATHS = NO;
				CLANG_ANALYZER_NONNULL = YES;
				CLANG_ANALYZER_NUMBER_OBJECT_CONVERSION = YES_AGGRESSIVE;
				CLANG_CXX_LANGUAGE_STANDARD = "gnu++20";
				CLANG_ENABLE_MODULES = YES;
				CLANG_ENABLE_OBJC_ARC = YES;
				CLANG_ENABLE_OBJC_WEAK = YES;
				CLANG_WARN_BLOCK_CAPTURE_AUTORELEASING = YES;
				CLANG_WARN_BOOL_CONVERSION = YES;
				CLANG_WARN_COMMA = YES;
				CLANG_WARN_CONSTANT_CONVERSION = YES;
				CLANG_WARN_DEPRECATED_OBJC_IMPLEMENTATIONS = YES;
				CLANG_WARN_DIRECT_OBJC_ISA_USAGE = YES_ERROR;
				CLANG_WARN_DOCUMENTATION_COMMENTS = YES;
				CLANG_WARN_EMPTY_BODY = YES;
				CLANG_WARN_ENUM_CONVERSION = YES;
				CLANG_WARN_INFINITE_RECURSION = YES;
				CLANG_WARN_INT_CONVERSION = YES;
				CLANG_WARN_NON_LITERAL_NULL_CONVERSION = YES;
				CLANG_WARN_OBJC_IMPLICIT_RETAIN_SELF = YES;
				CLANG_WARN_OBJC_LITERAL_CONVERSION = YES;
				CLANG_WARN_OBJC_ROOT_CLASS = YES_ERROR;
				CLANG_WARN_QUOTED_INCLUDE_IN_FRAMEWORK_HEADER = YES;
				CLANG_WARN_RANGE_LOOP_ANALYSIS = YES;
				CLANG_WARN_STRICT_PROTOTYPES = YES;
				CLANG_WARN_SUSPICIOUS_MOVE = YES;
				CLANG_WARN_UNGUARDED_AVAILABILITY = YES_AGGRESSIVE;
				CLANG_WARN_UNREACHABLE_CODE = YES;
				CLANG_WARN__DUPLICATE_METHOD_MATCH = YES;
				COPY_PHASE_STRIP = NO;
				DEBUG_INFORMATION_FORMAT = dwarf;
				ENABLE_STRICT_OBJC_MSGSEND = YES;
				ENABLE_TESTABILITY = YES;
				GCC_C_LANGUAGE_STANDARD = gnu11;
				GCC_DYNAMIC_NO_PIC = NO;
				GCC_NO_COMMON_BLOCKS = YES;
				GCC_OPTIMIZATION_LEVEL = 0;
				GCC_PREPROCESSOR_DEFINITIONS = (
					"DEBUG=1",
					"$(inherited)",
				);
				GCC_WARN_64_TO_32_BIT_CONVERSION = YES;
				GCC_WARN_ABOUT_RETURN_TYPE = YES_ERROR;
				GCC_WARN_UNDECLARED_SELECTOR = YES;
				GCC_WARN_UNINITIALIZED_AUTOS = YES_AGGRESSIVE;
				GCC_WARN_UNUSED_FUNCTION = YES;
				GCC_WARN_UNUSED_VARIABLE = YES;
				MTL_ENABLE_DEBUG_INFO = INCLUDE_SOURCE;
				MTL_FAST_MATH = YES;
				ONLY_ACTIVE_ARCH = YES;
				SWIFT_ACTIVE_COMPILATION_CONDITIONS = DEBUG;
				SWIFT_OPTIMIZATION_LEVEL = "-Onone";
			};
			name = Debug;
		};
		3A1BF3F92A58C3C10051A3DD /* Release */ = {
			isa = XCBuildConfiguration;
			buildSettings = {
				ALWAYS_SEARCH_USER_PATHS = NO;
				CLANG_ANALYZER_NONNULL = YES;
				CLANG_ANALYZER_NUMBER_OBJECT_CONVERSION = YES_AGGRESSIVE;
				CLANG_CXX_LANGUAGE_STANDARD = "gnu++20";
				CLANG_ENABLE_MODULES = YES;
				CLANG_ENABLE_OBJC_ARC = YES;
				CLANG_ENABLE_OBJC_WEAK = YES;
				CLANG_WARN_BLOCK_CAPTURE_AUTORELEASING = YES;
				CLANG_WARN_BOOL_CONVERSION = YES;
				CLANG_WARN_COMMA = YES;
				CLANG_WARN_CONSTANT_CONVERSION = YES;
				CLANG_WARN_DEPRECATED_OBJC_IMPLEMENTATIONS = YES;
				CLANG_WARN_DIRECT_OBJC_ISA_USAGE = YES_ERROR;
				CLANG_WARN_DOCUMENTATION_COMMENTS = YES;
				CLANG_WARN_EMPTY_BODY = YES;
				CLANG_WARN_ENUM_CONVERSION = YES;
				CLANG_WARN_INFINITE_RECURSION = YES;
				CLANG_WARN_INT_CONVERSION = YES;
				CLANG_WARN_NON_LITERAL_NULL_CONVERSION = YES;
				CLANG_WARN_OBJC_IMPLICIT_RETAIN_SELF = YES;
				CLANG_WARN_OBJC_LITERAL_CONVERSION = YES;
				CLANG_WARN_OBJC_ROOT_CLASS = YES_ERROR;
				CLANG_WARN_QUOTED_INCLUDE_IN_FRAMEWORK_HEADER = YES;
				CLANG_WARN_RANGE_LOOP_ANALYSIS = YES;
				CLANG_WARN_STRICT_PROTOTYPES = YES;
				CLANG_WARN_SUSPICIOUS_MOVE = YES;
				CLANG_WARN_UNGUARDED_AVAILABILITY = YES_AGGRESSIVE;
				CLANG_WARN_UNREACHABLE_CODE = YES;
				CLANG_WARN__DUPLICATE_METHOD_MATCH = YES;
				COPY_PHASE_STRIP = NO;
				DEBUG_INFORMATION_FORMAT = "dwarf-with-dsym";
				ENABLE_NS_ASSERTIONS = NO;
				ENABLE_STRICT_OBJC_MSGSEND = YES;
				GCC_C_LANGUAGE_STANDARD = gnu11;
				GCC_NO_COMMON_BLOCKS = YES;
				GCC_WARN_64_TO_32_BIT_CONVERSION = YES;
				GCC_WARN_ABOUT_RETURN_TYPE = YES_ERROR;
				GCC_WARN_UNDECLARED_SELECTOR = YES;
				GCC_WARN_UNINITIALIZED_AUTOS = YES_AGGRESSIVE;
				GCC_WARN_UNUSED_FUNCTION = YES;
				GCC_WARN_UNUSED_VARIABLE = YES;
				MTL_ENABLE_DEBUG_INFO = NO;
				MTL_FAST_MATH = YES;
				SWIFT_COMPILATION_MODE = wholemodule;
				SWIFT_OPTIMIZATION_LEVEL = "-O";
			};
			name = Release;
		};
		3A1BF3FB2A58C3C10051A3DD /* Debug */ = {
			isa = XCBuildConfiguration;
			buildSettings = {
				ASSETCATALOG_COMPILER_APPICON_NAME = AppIcon;
				ASSETCATALOG_COMPILER_GLOBAL_ACCENT_COLOR_NAME = AccentColor;
				CODE_SIGN_ENTITLEMENTS = "Mammoth Lifts/Mammoth_Lifts.entitlements";
				CODE_SIGN_STYLE = Automatic;
				CURRENT_PROJECT_VERSION = 1;
				DEVELOPMENT_ASSET_PATHS = "\"Mammoth Lifts/Preview Content\"";
				DEVELOPMENT_TEAM = 46NZTQ38P9;
				ENABLE_HARDENED_RUNTIME = YES;
				ENABLE_PREVIEWS = YES;
				GENERATE_INFOPLIST_FILE = YES;
				INFOPLIST_FILE = "Mammoth-Lifts-Info.plist";
				INFOPLIST_KEY_LSApplicationCategoryType = "public.app-category.healthcare-fitness";
				"INFOPLIST_KEY_UIApplicationSceneManifest_Generation[sdk=iphoneos*]" = YES;
				"INFOPLIST_KEY_UIApplicationSceneManifest_Generation[sdk=iphonesimulator*]" = YES;
				"INFOPLIST_KEY_UIApplicationSupportsIndirectInputEvents[sdk=iphoneos*]" = YES;
				"INFOPLIST_KEY_UIApplicationSupportsIndirectInputEvents[sdk=iphonesimulator*]" = YES;
				"INFOPLIST_KEY_UILaunchScreen_Generation[sdk=iphoneos*]" = YES;
				"INFOPLIST_KEY_UILaunchScreen_Generation[sdk=iphonesimulator*]" = YES;
				INFOPLIST_KEY_UILaunchStoryboardName = "Launch Screen.storyboard";
				"INFOPLIST_KEY_UIStatusBarStyle[sdk=iphoneos*]" = UIStatusBarStyleDefault;
				"INFOPLIST_KEY_UIStatusBarStyle[sdk=iphonesimulator*]" = UIStatusBarStyleDefault;
				INFOPLIST_KEY_UISupportedInterfaceOrientations = "UIInterfaceOrientationPortrait UIInterfaceOrientationPortraitUpsideDown";
				INFOPLIST_KEY_UISupportedInterfaceOrientations_iPad = "UIInterfaceOrientationLandscapeLeft UIInterfaceOrientationLandscapeRight UIInterfaceOrientationPortrait UIInterfaceOrientationPortraitUpsideDown";
				IPHONEOS_DEPLOYMENT_TARGET = 17.0;
				LD_RUNPATH_SEARCH_PATHS = "@executable_path/Frameworks";
				"LD_RUNPATH_SEARCH_PATHS[sdk=macosx*]" = "@executable_path/../Frameworks";
				MACOSX_DEPLOYMENT_TARGET = 13.3;
				MARKETING_VERSION = 1.0;
				PRODUCT_BUNDLE_IDENTIFIER = "com.timothycleveland.Mammoth-Lifts";
				PRODUCT_NAME = "$(TARGET_NAME)";
				SDKROOT = auto;
				SUPPORTED_PLATFORMS = "iphoneos iphonesimulator";
				SUPPORTS_MACCATALYST = NO;
				SUPPORTS_MAC_DESIGNED_FOR_IPHONE_IPAD = NO;
				SWIFT_EMIT_LOC_STRINGS = YES;
				SWIFT_VERSION = 5.0;
				TARGETED_DEVICE_FAMILY = 1;
			};
			name = Debug;
		};
		3A1BF3FC2A58C3C10051A3DD /* Release */ = {
			isa = XCBuildConfiguration;
			buildSettings = {
				ASSETCATALOG_COMPILER_APPICON_NAME = AppIcon;
				ASSETCATALOG_COMPILER_GLOBAL_ACCENT_COLOR_NAME = AccentColor;
				CODE_SIGN_ENTITLEMENTS = "Mammoth Lifts/Mammoth_Lifts.entitlements";
				CODE_SIGN_STYLE = Automatic;
				CURRENT_PROJECT_VERSION = 1;
				DEVELOPMENT_ASSET_PATHS = "\"Mammoth Lifts/Preview Content\"";
				DEVELOPMENT_TEAM = 46NZTQ38P9;
				ENABLE_HARDENED_RUNTIME = YES;
				ENABLE_PREVIEWS = YES;
				GENERATE_INFOPLIST_FILE = YES;
				INFOPLIST_FILE = "Mammoth-Lifts-Info.plist";
				INFOPLIST_KEY_LSApplicationCategoryType = "public.app-category.healthcare-fitness";
				"INFOPLIST_KEY_UIApplicationSceneManifest_Generation[sdk=iphoneos*]" = YES;
				"INFOPLIST_KEY_UIApplicationSceneManifest_Generation[sdk=iphonesimulator*]" = YES;
				"INFOPLIST_KEY_UIApplicationSupportsIndirectInputEvents[sdk=iphoneos*]" = YES;
				"INFOPLIST_KEY_UIApplicationSupportsIndirectInputEvents[sdk=iphonesimulator*]" = YES;
				"INFOPLIST_KEY_UILaunchScreen_Generation[sdk=iphoneos*]" = YES;
				"INFOPLIST_KEY_UILaunchScreen_Generation[sdk=iphonesimulator*]" = YES;
				INFOPLIST_KEY_UILaunchStoryboardName = "Launch Screen.storyboard";
				"INFOPLIST_KEY_UIStatusBarStyle[sdk=iphoneos*]" = UIStatusBarStyleDefault;
				"INFOPLIST_KEY_UIStatusBarStyle[sdk=iphonesimulator*]" = UIStatusBarStyleDefault;
				INFOPLIST_KEY_UISupportedInterfaceOrientations = "UIInterfaceOrientationPortrait UIInterfaceOrientationPortraitUpsideDown";
				INFOPLIST_KEY_UISupportedInterfaceOrientations_iPad = "UIInterfaceOrientationLandscapeLeft UIInterfaceOrientationLandscapeRight UIInterfaceOrientationPortrait UIInterfaceOrientationPortraitUpsideDown";
				IPHONEOS_DEPLOYMENT_TARGET = 17.0;
				LD_RUNPATH_SEARCH_PATHS = "@executable_path/Frameworks";
				"LD_RUNPATH_SEARCH_PATHS[sdk=macosx*]" = "@executable_path/../Frameworks";
				MACOSX_DEPLOYMENT_TARGET = 13.3;
				MARKETING_VERSION = 1.0;
				PRODUCT_BUNDLE_IDENTIFIER = "com.timothycleveland.Mammoth-Lifts";
				PRODUCT_NAME = "$(TARGET_NAME)";
				SDKROOT = auto;
				SUPPORTED_PLATFORMS = "iphoneos iphonesimulator";
				SUPPORTS_MACCATALYST = NO;
				SUPPORTS_MAC_DESIGNED_FOR_IPHONE_IPAD = NO;
				SWIFT_EMIT_LOC_STRINGS = YES;
				SWIFT_VERSION = 5.0;
				TARGETED_DEVICE_FAMILY = 1;
			};
			name = Release;
		};
		3A1BF3FE2A58C3C10051A3DD /* Debug */ = {
			isa = XCBuildConfiguration;
			buildSettings = {
				ALWAYS_EMBED_SWIFT_STANDARD_LIBRARIES = YES;
				BUNDLE_LOADER = "$(TEST_HOST)";
				CODE_SIGN_STYLE = Automatic;
				CURRENT_PROJECT_VERSION = 1;
				DEVELOPMENT_TEAM = 46NZTQ38P9;
				GENERATE_INFOPLIST_FILE = YES;
				IPHONEOS_DEPLOYMENT_TARGET = 16.4;
				MACOSX_DEPLOYMENT_TARGET = 13.3;
				MARKETING_VERSION = 1.0;
				PRODUCT_BUNDLE_IDENTIFIER = "com.timothycleveland.Mammoth-LiftsTests";
				PRODUCT_NAME = "$(TARGET_NAME)";
				SDKROOT = auto;
				SUPPORTED_PLATFORMS = "iphoneos iphonesimulator macosx";
				SWIFT_EMIT_LOC_STRINGS = NO;
				SWIFT_VERSION = 5.0;
				TARGETED_DEVICE_FAMILY = "1,2";
				TEST_HOST = "$(BUILT_PRODUCTS_DIR)/Mammoth Lifts.app/$(BUNDLE_EXECUTABLE_FOLDER_PATH)/Mammoth Lifts";
			};
			name = Debug;
		};
		3A1BF3FF2A58C3C10051A3DD /* Release */ = {
			isa = XCBuildConfiguration;
			buildSettings = {
				ALWAYS_EMBED_SWIFT_STANDARD_LIBRARIES = YES;
				BUNDLE_LOADER = "$(TEST_HOST)";
				CODE_SIGN_STYLE = Automatic;
				CURRENT_PROJECT_VERSION = 1;
				DEVELOPMENT_TEAM = 46NZTQ38P9;
				GENERATE_INFOPLIST_FILE = YES;
				IPHONEOS_DEPLOYMENT_TARGET = 16.4;
				MACOSX_DEPLOYMENT_TARGET = 13.3;
				MARKETING_VERSION = 1.0;
				PRODUCT_BUNDLE_IDENTIFIER = "com.timothycleveland.Mammoth-LiftsTests";
				PRODUCT_NAME = "$(TARGET_NAME)";
				SDKROOT = auto;
				SUPPORTED_PLATFORMS = "iphoneos iphonesimulator macosx";
				SWIFT_EMIT_LOC_STRINGS = NO;
				SWIFT_VERSION = 5.0;
				TARGETED_DEVICE_FAMILY = "1,2";
				TEST_HOST = "$(BUILT_PRODUCTS_DIR)/Mammoth Lifts.app/$(BUNDLE_EXECUTABLE_FOLDER_PATH)/Mammoth Lifts";
			};
			name = Release;
		};
		3A1BF4012A58C3C10051A3DD /* Debug */ = {
			isa = XCBuildConfiguration;
			buildSettings = {
				ALWAYS_EMBED_SWIFT_STANDARD_LIBRARIES = YES;
				CODE_SIGN_STYLE = Automatic;
				CURRENT_PROJECT_VERSION = 1;
				DEVELOPMENT_TEAM = 46NZTQ38P9;
				GENERATE_INFOPLIST_FILE = YES;
				IPHONEOS_DEPLOYMENT_TARGET = 16.4;
				MACOSX_DEPLOYMENT_TARGET = 13.3;
				MARKETING_VERSION = 1.0;
				PRODUCT_BUNDLE_IDENTIFIER = "com.timothycleveland.Mammoth-LiftsUITests";
				PRODUCT_NAME = "$(TARGET_NAME)";
				SDKROOT = auto;
				SUPPORTED_PLATFORMS = "iphoneos iphonesimulator macosx";
				SWIFT_EMIT_LOC_STRINGS = NO;
				SWIFT_VERSION = 5.0;
				TARGETED_DEVICE_FAMILY = "1,2";
				TEST_TARGET_NAME = "Mammoth Lifts";
			};
			name = Debug;
		};
		3A1BF4022A58C3C10051A3DD /* Release */ = {
			isa = XCBuildConfiguration;
			buildSettings = {
				ALWAYS_EMBED_SWIFT_STANDARD_LIBRARIES = YES;
				CODE_SIGN_STYLE = Automatic;
				CURRENT_PROJECT_VERSION = 1;
				DEVELOPMENT_TEAM = 46NZTQ38P9;
				GENERATE_INFOPLIST_FILE = YES;
				IPHONEOS_DEPLOYMENT_TARGET = 16.4;
				MACOSX_DEPLOYMENT_TARGET = 13.3;
				MARKETING_VERSION = 1.0;
				PRODUCT_BUNDLE_IDENTIFIER = "com.timothycleveland.Mammoth-LiftsUITests";
				PRODUCT_NAME = "$(TARGET_NAME)";
				SDKROOT = auto;
				SUPPORTED_PLATFORMS = "iphoneos iphonesimulator macosx";
				SWIFT_EMIT_LOC_STRINGS = NO;
				SWIFT_VERSION = 5.0;
				TARGETED_DEVICE_FAMILY = "1,2";
				TEST_TARGET_NAME = "Mammoth Lifts";
			};
			name = Release;
		};
/* End XCBuildConfiguration section */

/* Begin XCConfigurationList section */
		3A1BF3CB2A58C3C00051A3DD /* Build configuration list for PBXProject "Mammoth Lifts" */ = {
			isa = XCConfigurationList;
			buildConfigurations = (
				3A1BF3F82A58C3C10051A3DD /* Debug */,
				3A1BF3F92A58C3C10051A3DD /* Release */,
			);
			defaultConfigurationIsVisible = 0;
			defaultConfigurationName = Release;
		};
		3A1BF3FA2A58C3C10051A3DD /* Build configuration list for PBXNativeTarget "Mammoth Lifts" */ = {
			isa = XCConfigurationList;
			buildConfigurations = (
				3A1BF3FB2A58C3C10051A3DD /* Debug */,
				3A1BF3FC2A58C3C10051A3DD /* Release */,
			);
			defaultConfigurationIsVisible = 0;
			defaultConfigurationName = Release;
		};
		3A1BF3FD2A58C3C10051A3DD /* Build configuration list for PBXNativeTarget "Mammoth LiftsTests" */ = {
			isa = XCConfigurationList;
			buildConfigurations = (
				3A1BF3FE2A58C3C10051A3DD /* Debug */,
				3A1BF3FF2A58C3C10051A3DD /* Release */,
			);
			defaultConfigurationIsVisible = 0;
			defaultConfigurationName = Release;
		};
		3A1BF4002A58C3C10051A3DD /* Build configuration list for PBXNativeTarget "Mammoth LiftsUITests" */ = {
			isa = XCConfigurationList;
			buildConfigurations = (
				3A1BF4012A58C3C10051A3DD /* Debug */,
				3A1BF4022A58C3C10051A3DD /* Release */,
			);
			defaultConfigurationIsVisible = 0;
			defaultConfigurationName = Release;
		};
/* End XCConfigurationList section */
	};
	rootObject = 3A1BF3C82A58C3C00051A3DD /* Project object */;
}
